
Microsoft Visual Studio Solution File, Format Version 12.00
# Visual Studio Version 17
VisualStudioVersion = 17.6.33829.357
MinimumVisualStudioVersion = 10.0.40219.1
Project("{FAE04EC0-301F-11D3-BF4B-00C04F79EFBC}") = "RockPaperScissors", "RockPaperScissors\RockPaperScissors.csproj", "{10A90840-30F2-4185-91AF-FDAD108CA0EA}"
EndProject
Global
	GlobalSection(SolutionConfigurationPlatforms) = preSolution
		Debug|Any CPU = Debug|Any CPU
		Release|Any CPU = Release|Any CPU
	EndGlobalSection
	GlobalSection(ProjectConfigurationPlatforms) = postSolution
		{10A90840-30F2-4185-91AF-FDAD108CA0EA}.Debug|Any CPU.ActiveCfg = Debug|Any CPU
		{10A90840-30F2-4185-91AF-FDAD108CA0EA}.Debug|Any CPU.Build.0 = Debug|Any CPU
		{10A90840-30F2-4185-91AF-FDAD108CA0EA}.Release|Any CPU.ActiveCfg = Release|Any CPU
		{10A90840-30F2-4185-91AF-FDAD108CA0EA}.Release|Any CPU.Build.0 = Release|Any CPU
	EndGlobalSection
	GlobalSection(SolutionProperties) = preSolution
		HideSolutionNode = FALSE
	EndGlobalSection
	GlobalSection(ExtensibilityGlobals) = postSolution
		SolutionGuid = {230932CB-981E-4104-B039-E7EDE99601B4}
	EndGlobalSection
EndGlobal
